
Microsoft Visual Studio Solution File, Format Version 12.00
# Visual Studio 15
VisualStudioVersion = 15.0.28307.1022
MinimumVisualStudioVersion = 10.0.40219.1
Project("{FAE04EC0-301F-11D3-BF4B-00C04F79EFBC}") = "com.carzapc.apis.files", "com.carzapc.apis.files\com.carzapc.apis.files.csproj", "{91B1433C-23D2-40F6-BD8B-97E5FC6EA02B}"
EndProject
Global
	GlobalSection(SolutionConfigurationPlatforms) = preSolution
		Debug|Any CPU = Debug|Any CPU
		Release|Any CPU = Release|Any CPU
	EndGlobalSection
	GlobalSection(ProjectConfigurationPlatforms) = postSolution
		{91B1433C-23D2-40F6-BD8B-97E5FC6EA02B}.Debug|Any CPU.ActiveCfg = Debug|Any CPU
		{91B1433C-23D2-40F6-BD8B-97E5FC6EA02B}.Debug|Any CPU.Build.0 = Debug|Any CPU
		{91B1433C-23D2-40F6-BD8B-97E5FC6EA02B}.Release|Any CPU.ActiveCfg = Release|Any CPU
		{91B1433C-23D2-40F6-BD8B-97E5FC6EA02B}.Release|Any CPU.Build.0 = Release|Any CPU
	EndGlobalSection
	GlobalSection(SolutionProperties) = preSolution
		HideSolutionNode = FALSE
	EndGlobalSection
	GlobalSection(ExtensibilityGlobals) = postSolution
		SolutionGuid = {91CE93B1-8465-4C7E-AF82-D1A72AB52D99}
	EndGlobalSection
EndGlobal
